
Microsoft Visual Studio Solution File, Format Version 12.00
# Visual Studio Version 16
VisualStudioVersion = 16.0.30804.86
MinimumVisualStudioVersion = 10.0.40219.1
Project("{2150E333-8FDC-42A3-9474-1A3956D46DE8}") = "Data", "Data", "{CDAD96A3-D201-458E-B7E0-AD2648A29000}"
EndProject
Project("{2150E333-8FDC-42A3-9474-1A3956D46DE8}") = "Business", "Business", "{870C4D19-0A83-48F3-A687-874B69F5BBF0}"
EndProject
Project("{2150E333-8FDC-42A3-9474-1A3956D46DE8}") = "Services", "Services", "{8824DFCB-8F9D-4FDF-A3D4-9DE90270DF0A}"
EndProject
Project("{2150E333-8FDC-42A3-9474-1A3956D46DE8}") = "Presentation", "Presentation", "{2A2E8188-519F-4967-8F18-E226EB78E832}"
EndProject
Project("{2150E333-8FDC-42A3-9474-1A3956D46DE8}") = "Hosts", "Hosts", "{55E33ED6-4A0D-47CD-8686-F92C84653BD6}"
EndProject
Project("{2150E333-8FDC-42A3-9474-1A3956D46DE8}") = "Shared", "Shared", "{D75F0D80-9708-461C-B774-75E6DB116F2D}"
EndProject
Project("{FAE04EC0-301F-11D3-BF4B-00C04F79EFBC}") = "ONC.RESTful.Framework", "Shared\ONC.RESTful.Framework\ONC.RESTful.Framework.csproj", "{02C71B70-5FD5-43E9-96B8-BE8A0AB9B1D5}"
EndProject
Project("{FAE04EC0-301F-11D3-BF4B-00C04F79EFBC}") = "ONC.RESTful.Entities", "Shared\ONC.RESTful.Entities\ONC.RESTful.Entities.csproj", "{F2E15378-0608-46AA-9922-8832727224CE}"
EndProject
Project("{FAE04EC0-301F-11D3-BF4B-00C04F79EFBC}") = "ONC.RESTful.Data", "Data\ONC.RESTful.Data\ONC.RESTful.Data.csproj", "{469EB519-F657-4426-8466-AA0884328B42}"
EndProject
Project("{FAE04EC0-301F-11D3-BF4B-00C04F79EFBC}") = "ONC.RESTful.Business", "Business\ONC.RESTful.Business\ONC.RESTful.Business.csproj", "{A3971224-CFBF-409E-9236-EAE3EBF5634A}"
EndProject
Project("{FAE04EC0-301F-11D3-BF4B-00C04F79EFBC}") = "ONC.RESTful.Services.Contracts", "Services\ONC.RESTful.Services.Contracts\ONC.RESTful.Services.Contracts.csproj", "{B2D9A0B6-C4E0-49CF-8A55-F0F9837A5663}"
EndProject
Project("{FAE04EC0-301F-11D3-BF4B-00C04F79EFBC}") = "ONC.RESTful.Services.Http", "Services\ONC.RESTful.Services.Http\ONC.RESTful.Services.Http.csproj", "{36F2D8F0-A69F-4E7C-B2AB-ED69B878E9B7}"
EndProject
Project("{FAE04EC0-301F-11D3-BF4B-00C04F79EFBC}") = "ONC.RESTful.Hosts.Web", "Hosts\ONC.RESTful.Hosts.Web\ONC.RESTful.Hosts.Web.csproj", "{6F8AABAC-8E3A-413A-85FF-842BD410236E}"
EndProject
Project("{FAE04EC0-301F-11D3-BF4B-00C04F79EFBC}") = "ONC.RESTful.UI.Process", "Presentation\ONC.RESTful.UI.Process\ONC.RESTful.UI.Process.csproj", "{F950EC35-457A-4D40-89AB-4C8EFD330411}"
EndProject
Project("{FAE04EC0-301F-11D3-BF4B-00C04F79EFBC}") = "ONC.RESTful.UI.Web", "Presentation\ONC.RESTful.UI.Web\ONC.RESTful.UI.Web.csproj", "{4900EA31-E4C4-4EBA-ACB3-1205A76A44D3}"
EndProject
Global
	GlobalSection(SolutionConfigurationPlatforms) = preSolution
		Debug|Any CPU = Debug|Any CPU
		Release|Any CPU = Release|Any CPU
	EndGlobalSection
	GlobalSection(ProjectConfigurationPlatforms) = postSolution
		{02C71B70-5FD5-43E9-96B8-BE8A0AB9B1D5}.Debug|Any CPU.ActiveCfg = Debug|Any CPU
		{02C71B70-5FD5-43E9-96B8-BE8A0AB9B1D5}.Debug|Any CPU.Build.0 = Debug|Any CPU
		{02C71B70-5FD5-43E9-96B8-BE8A0AB9B1D5}.Release|Any CPU.ActiveCfg = Release|Any CPU
		{02C71B70-5FD5-43E9-96B8-BE8A0AB9B1D5}.Release|Any CPU.Build.0 = Release|Any CPU
		{F2E15378-0608-46AA-9922-8832727224CE}.Debug|Any CPU.ActiveCfg = Debug|Any CPU
		{F2E15378-0608-46AA-9922-8832727224CE}.Debug|Any CPU.Build.0 = Debug|Any CPU
		{F2E15378-0608-46AA-9922-8832727224CE}.Release|Any CPU.ActiveCfg = Release|Any CPU
		{F2E15378-0608-46AA-9922-8832727224CE}.Release|Any CPU.Build.0 = Release|Any CPU
		{469EB519-F657-4426-8466-AA0884328B42}.Debug|Any CPU.ActiveCfg = Debug|Any CPU
		{469EB519-F657-4426-8466-AA0884328B42}.Debug|Any CPU.Build.0 = Debug|Any CPU
		{469EB519-F657-4426-8466-AA0884328B42}.Release|Any CPU.ActiveCfg = Release|Any CPU
		{469EB519-F657-4426-8466-AA0884328B42}.Release|Any CPU.Build.0 = Release|Any CPU
		{A3971224-CFBF-409E-9236-EAE3EBF5634A}.Debug|Any CPU.ActiveCfg = Debug|Any CPU
		{A3971224-CFBF-409E-9236-EAE3EBF5634A}.Debug|Any CPU.Build.0 = Debug|Any CPU
		{A3971224-CFBF-409E-9236-EAE3EBF5634A}.Release|Any CPU.ActiveCfg = Release|Any CPU
		{A3971224-CFBF-409E-9236-EAE3EBF5634A}.Release|Any CPU.Build.0 = Release|Any CPU
		{B2D9A0B6-C4E0-49CF-8A55-F0F9837A5663}.Debug|Any CPU.ActiveCfg = Debug|Any CPU
		{B2D9A0B6-C4E0-49CF-8A55-F0F9837A5663}.Debug|Any CPU.Build.0 = Debug|Any CPU
		{B2D9A0B6-C4E0-49CF-8A55-F0F9837A5663}.Release|Any CPU.ActiveCfg = Release|Any CPU
		{B2D9A0B6-C4E0-49CF-8A55-F0F9837A5663}.Release|Any CPU.Build.0 = Release|Any CPU
		{36F2D8F0-A69F-4E7C-B2AB-ED69B878E9B7}.Debug|Any CPU.ActiveCfg = Debug|Any CPU
		{36F2D8F0-A69F-4E7C-B2AB-ED69B878E9B7}.Debug|Any CPU.Build.0 = Debug|Any CPU
		{36F2D8F0-A69F-4E7C-B2AB-ED69B878E9B7}.Release|Any CPU.ActiveCfg = Release|Any CPU
		{36F2D8F0-A69F-4E7C-B2AB-ED69B878E9B7}.Release|Any CPU.Build.0 = Release|Any CPU
		{6F8AABAC-8E3A-413A-85FF-842BD410236E}.Debug|Any CPU.ActiveCfg = Debug|Any CPU
		{6F8AABAC-8E3A-413A-85FF-842BD410236E}.Debug|Any CPU.Build.0 = Debug|Any CPU
		{6F8AABAC-8E3A-413A-85FF-842BD410236E}.Release|Any CPU.ActiveCfg = Release|Any CPU
		{6F8AABAC-8E3A-413A-85FF-842BD410236E}.Release|Any CPU.Build.0 = Release|Any CPU
		{F950EC35-457A-4D40-89AB-4C8EFD330411}.Debug|Any CPU.ActiveCfg = Debug|Any CPU
		{F950EC35-457A-4D40-89AB-4C8EFD330411}.Debug|Any CPU.Build.0 = Debug|Any CPU
		{F950EC35-457A-4D40-89AB-4C8EFD330411}.Release|Any CPU.ActiveCfg = Release|Any CPU
		{F950EC35-457A-4D40-89AB-4C8EFD330411}.Release|Any CPU.Build.0 = Release|Any CPU
		{4900EA31-E4C4-4EBA-ACB3-1205A76A44D3}.Debug|Any CPU.ActiveCfg = Debug|Any CPU
		{4900EA31-E4C4-4EBA-ACB3-1205A76A44D3}.Debug|Any CPU.Build.0 = Debug|Any CPU
		{4900EA31-E4C4-4EBA-ACB3-1205A76A44D3}.Release|Any CPU.ActiveCfg = Release|Any CPU
		{4900EA31-E4C4-4EBA-ACB3-1205A76A44D3}.Release|Any CPU.Build.0 = Release|Any CPU
	EndGlobalSection
	GlobalSection(SolutionProperties) = preSolution
		HideSolutionNode = FALSE
	EndGlobalSection
	GlobalSection(NestedProjects) = preSolution
		{02C71B70-5FD5-43E9-96B8-BE8A0AB9B1D5} = {D75F0D80-9708-461C-B774-75E6DB116F2D}
		{F2E15378-0608-46AA-9922-8832727224CE} = {D75F0D80-9708-461C-B774-75E6DB116F2D}
		{469EB519-F657-4426-8466-AA0884328B42} = {CDAD96A3-D201-458E-B7E0-AD2648A29000}
		{A3971224-CFBF-409E-9236-EAE3EBF5634A} = {870C4D19-0A83-48F3-A687-874B69F5BBF0}
		{B2D9A0B6-C4E0-49CF-8A55-F0F9837A5663} = {8824DFCB-8F9D-4FDF-A3D4-9DE90270DF0A}
		{36F2D8F0-A69F-4E7C-B2AB-ED69B878E9B7} = {8824DFCB-8F9D-4FDF-A3D4-9DE90270DF0A}
		{6F8AABAC-8E3A-413A-85FF-842BD410236E} = {55E33ED6-4A0D-47CD-8686-F92C84653BD6}
		{F950EC35-457A-4D40-89AB-4C8EFD330411} = {2A2E8188-519F-4967-8F18-E226EB78E832}
		{4900EA31-E4C4-4EBA-ACB3-1205A76A44D3} = {2A2E8188-519F-4967-8F18-E226EB78E832}
	EndGlobalSection
	GlobalSection(ExtensibilityGlobals) = postSolution
		SolutionGuid = {7FD29CD3-F9F0-4CC6-B293-B5F07AD19F6F}
	EndGlobalSection
EndGlobal
